// !$*UTF8*$!
{
	archiveVersion = 1;
	classes = {
	};
	objectVersion = 46;
	objects = {

/* Begin PBXBuildFile section */
		132715C21F2A421C0099AA75 /* MealRealm.swift in Sources */ = {isa = PBXBuildFile; fileRef = 132715C11F2A421C0099AA75 /* MealRealm.swift */; };
		132715C61F2A8AE20099AA75 /* Reachability.swift in Sources */ = {isa = PBXBuildFile; fileRef = 132715C51F2A8AE20099AA75 /* Reachability.swift */; };
		132715C81F2A8B490099AA75 /* SystemConfiguration.framework in Frameworks */ = {isa = PBXBuildFile; fileRef = 132715C71F2A8B490099AA75 /* SystemConfiguration.framework */; };
		135B6E681F27690A00D32D5B /* AppDelegate.swift in Sources */ = {isa = PBXBuildFile; fileRef = 135B6E671F27690A00D32D5B /* AppDelegate.swift */; };
		135B6E6D1F27690A00D32D5B /* Main.storyboard in Resources */ = {isa = PBXBuildFile; fileRef = 135B6E6B1F27690A00D32D5B /* Main.storyboard */; };
		135B6E6F1F27690A00D32D5B /* Assets.xcassets in Resources */ = {isa = PBXBuildFile; fileRef = 135B6E6E1F27690A00D32D5B /* Assets.xcassets */; };
		135B6E721F27690A00D32D5B /* LaunchScreen.storyboard in Resources */ = {isa = PBXBuildFile; fileRef = 135B6E701F27690A00D32D5B /* LaunchScreen.storyboard */; };
		135B6E7D1F27690B00D32D5B /* OmletTests.swift in Sources */ = {isa = PBXBuildFile; fileRef = 135B6E7C1F27690B00D32D5B /* OmletTests.swift */; };
		135B6E881F2769E100D32D5B /* TableViewCell.swift in Sources */ = {isa = PBXBuildFile; fileRef = 135B6E871F2769E100D32D5B /* TableViewCell.swift */; };
		135B6E8A1F276BC700D32D5B /* TableViewController.swift in Sources */ = {isa = PBXBuildFile; fileRef = 135B6E891F276BC700D32D5B /* TableViewController.swift */; };
		1374FE741F29F4390076FA9D /* WebController.swift in Sources */ = {isa = PBXBuildFile; fileRef = 1374FE731F29F4390076FA9D /* WebController.swift */; };
		DD102666E4BDF8D0879ACCFF /* Pods_Omlet.framework in Frameworks */ = {isa = PBXBuildFile; fileRef = 1F22B787C892CF6A459DF2AA /* Pods_Omlet.framework */; settings = {ATTRIBUTES = (Required, ); }; };
/* End PBXBuildFile section */

/* Begin PBXContainerItemProxy section */
		135B6E791F27690B00D32D5B /* PBXContainerItemProxy */ = {
			isa = PBXContainerItemProxy;
			containerPortal = 135B6E5C1F27690A00D32D5B /* Project object */;
			proxyType = 1;
			remoteGlobalIDString = 135B6E631F27690A00D32D5B;
			remoteInfo = Omlet;
		};
/* End PBXContainerItemProxy section */

/* Begin PBXFileReference section */
		132715C11F2A421C0099AA75 /* MealRealm.swift */ = {isa = PBXFileReference; fileEncoding = 4; lastKnownFileType = sourcecode.swift; path = MealRealm.swift; sourceTree = "<group>"; };
		132715C51F2A8AE20099AA75 /* Reachability.swift */ = {isa = PBXFileReference; fileEncoding = 4; lastKnownFileType = sourcecode.swift; path = Reachability.swift; sourceTree = "<group>"; };
		132715C71F2A8B490099AA75 /* SystemConfiguration.framework */ = {isa = PBXFileReference; lastKnownFileType = wrapper.framework; name = SystemConfiguration.framework; path = System/Library/Frameworks/SystemConfiguration.framework; sourceTree = SDKROOT; };
		135B6E641F27690A00D32D5B /* Omlet.app */ = {isa = PBXFileReference; explicitFileType = wrapper.application; includeInIndex = 0; path = Omlet.app; sourceTree = BUILT_PRODUCTS_DIR; };
		135B6E671F27690A00D32D5B /* AppDelegate.swift */ = {isa = PBXFileReference; lastKnownFileType = sourcecode.swift; path = AppDelegate.swift; sourceTree = "<group>"; };
		135B6E6C1F27690A00D32D5B /* Base */ = {isa = PBXFileReference; lastKnownFileType = file.storyboard; name = Base; path = Base.lproj/Main.storyboard; sourceTree = "<group>"; };
		135B6E6E1F27690A00D32D5B /* Assets.xcassets */ = {isa = PBXFileReference; lastKnownFileType = folder.assetcatalog; path = Assets.xcassets; sourceTree = "<group>"; };
		135B6E711F27690A00D32D5B /* Base */ = {isa = PBXFileReference; lastKnownFileType = file.storyboard; name = Base; path = Base.lproj/LaunchScreen.storyboard; sourceTree = "<group>"; };
		135B6E731F27690A00D32D5B /* Info.plist */ = {isa = PBXFileReference; lastKnownFileType = text.plist.xml; path = Info.plist; sourceTree = "<group>"; };
		135B6E781F27690B00D32D5B /* OmletTests.xctest */ = {isa = PBXFileReference; explicitFileType = wrapper.cfbundle; includeInIndex = 0; path = OmletTests.xctest; sourceTree = BUILT_PRODUCTS_DIR; };
		135B6E7C1F27690B00D32D5B /* OmletTests.swift */ = {isa = PBXFileReference; lastKnownFileType = sourcecode.swift; path = OmletTests.swift; sourceTree = "<group>"; };
		135B6E7E1F27690B00D32D5B /* Info.plist */ = {isa = PBXFileReference; lastKnownFileType = text.plist.xml; path = Info.plist; sourceTree = "<group>"; };
		135B6E871F2769E100D32D5B /* TableViewCell.swift */ = {isa = PBXFileReference; fileEncoding = 4; lastKnownFileType = sourcecode.swift; path = TableViewCell.swift; sourceTree = "<group>"; };
		135B6E891F276BC700D32D5B /* TableViewController.swift */ = {isa = PBXFileReference; fileEncoding = 4; lastKnownFileType = sourcecode.swift; path = TableViewController.swift; sourceTree = "<group>"; };
		1374FE731F29F4390076FA9D /* WebController.swift */ = {isa = PBXFileReference; fileEncoding = 4; lastKnownFileType = sourcecode.swift; path = WebController.swift; sourceTree = "<group>"; };
		1F22B787C892CF6A459DF2AA /* Pods_Omlet.framework */ = {isa = PBXFileReference; explicitFileType = wrapper.framework; includeInIndex = 0; path = Pods_Omlet.framework; sourceTree = BUILT_PRODUCTS_DIR; };
		72F24093CC235D786FB138FB /* Pods-Omlet.debug.xcconfig */ = {isa = PBXFileReference; includeInIndex = 1; lastKnownFileType = text.xcconfig; name = "Pods-Omlet.debug.xcconfig"; path = "Pods/Target Support Files/Pods-Omlet/Pods-Omlet.debug.xcconfig"; sourceTree = "<group>"; };
		D9F58023F13ACF49E1E74D4C /* Pods-Omlet.release.xcconfig */ = {isa = PBXFileReference; includeInIndex = 1; lastKnownFileType = text.xcconfig; name = "Pods-Omlet.release.xcconfig"; path = "Pods/Target Support Files/Pods-Omlet/Pods-Omlet.release.xcconfig"; sourceTree = "<group>"; };
/* End PBXFileReference section */

/* Begin PBXFrameworksBuildPhase section */
		135B6E611F27690A00D32D5B /* Frameworks */ = {
			isa = PBXFrameworksBuildPhase;
			buildActionMask = 2147483647;
			files = (
				132715C81F2A8B490099AA75 /* SystemConfiguration.framework in Frameworks */,
				DD102666E4BDF8D0879ACCFF /* Pods_Omlet.framework in Frameworks */,
			);
			runOnlyForDeploymentPostprocessing = 0;
		};
		135B6E751F27690B00D32D5B /* Frameworks */ = {
			isa = PBXFrameworksBuildPhase;
			buildActionMask = 2147483647;
			files = (
			);
			runOnlyForDeploymentPostprocessing = 0;
		};
/* End PBXFrameworksBuildPhase section */

/* Begin PBXGroup section */
		135B6E5B1F27690A00D32D5B = {
			isa = PBXGroup;
			children = (
				135B6E661F27690A00D32D5B /* Omlet */,
				135B6E7B1F27690B00D32D5B /* OmletTests */,
				135B6E651F27690A00D32D5B /* Products */,
				FB94ADDE79916D3B5C10C052 /* Pods */,
				AD12F49645491797BC7E7F8E /* Frameworks */,
			);
			sourceTree = "<group>";
		};
		135B6E651F27690A00D32D5B /* Products */ = {
			isa = PBXGroup;
			children = (
				135B6E641F27690A00D32D5B /* Omlet.app */,
				135B6E781F27690B00D32D5B /* OmletTests.xctest */,
			);
			name = Products;
			sourceTree = "<group>";
		};
		135B6E661F27690A00D32D5B /* Omlet */ = {
			isa = PBXGroup;
			children = (
				135B6E671F27690A00D32D5B /* AppDelegate.swift */,
				132715C11F2A421C0099AA75 /* MealRealm.swift */,
				135B6E891F276BC700D32D5B /* TableViewController.swift */,
				135B6E871F2769E100D32D5B /* TableViewCell.swift */,
				1374FE731F29F4390076FA9D /* WebController.swift */,
				132715C51F2A8AE20099AA75 /* Reachability.swift */,
				135B6E6B1F27690A00D32D5B /* Main.storyboard */,
				135B6E6E1F27690A00D32D5B /* Assets.xcassets */,
				135B6E701F27690A00D32D5B /* LaunchScreen.storyboard */,
				135B6E731F27690A00D32D5B /* Info.plist */,
			);
			path = Omlet;
			sourceTree = "<group>";
		};
		135B6E7B1F27690B00D32D5B /* OmletTests */ = {
			isa = PBXGroup;
			children = (
				135B6E7C1F27690B00D32D5B /* OmletTests.swift */,
				135B6E7E1F27690B00D32D5B /* Info.plist */,
			);
			path = OmletTests;
			sourceTree = "<group>";
		};
		AD12F49645491797BC7E7F8E /* Frameworks */ = {
			isa = PBXGroup;
			children = (
				132715C71F2A8B490099AA75 /* SystemConfiguration.framework */,
				1F22B787C892CF6A459DF2AA /* Pods_Omlet.framework */,
			);
			name = Frameworks;
			sourceTree = "<group>";
		};
		FB94ADDE79916D3B5C10C052 /* Pods */ = {
			isa = PBXGroup;
			children = (
				72F24093CC235D786FB138FB /* Pods-Omlet.debug.xcconfig */,
				D9F58023F13ACF49E1E74D4C /* Pods-Omlet.release.xcconfig */,
			);
			name = Pods;
			sourceTree = "<group>";
		};
/* End PBXGroup section */

/* Begin PBXNativeTarget section */
		135B6E631F27690A00D32D5B /* Omlet */ = {
			isa = PBXNativeTarget;
			buildConfigurationList = 135B6E811F27690B00D32D5B /* Build configuration list for PBXNativeTarget "Omlet" */;
			buildPhases = (
				750E3087241B45FA314AEDFC /* [CP] Check Pods Manifest.lock */,
				135B6E601F27690A00D32D5B /* Sources */,
				135B6E611F27690A00D32D5B /* Frameworks */,
				135B6E621F27690A00D32D5B /* Resources */,
				69772EB520212FEB129F60C7 /* [CP] Embed Pods Frameworks */,
				EC302E7BBB54E5BDFAD66E51 /* [CP] Copy Pods Resources */,
			);
			buildRules = (
			);
			dependencies = (
			);
			name = Omlet;
			productName = Omlet;
			productReference = 135B6E641F27690A00D32D5B /* Omlet.app */;
			productType = "com.apple.product-type.application";
		};
		135B6E771F27690B00D32D5B /* OmletTests */ = {
			isa = PBXNativeTarget;
			buildConfigurationList = 135B6E841F27690B00D32D5B /* Build configuration list for PBXNativeTarget "OmletTests" */;
			buildPhases = (
				135B6E741F27690B00D32D5B /* Sources */,
				135B6E751F27690B00D32D5B /* Frameworks */,
				135B6E761F27690B00D32D5B /* Resources */,
			);
			buildRules = (
			);
			dependencies = (
				135B6E7A1F27690B00D32D5B /* PBXTargetDependency */,
			);
			name = OmletTests;
			productName = OmletTests;
			productReference = 135B6E781F27690B00D32D5B /* OmletTests.xctest */;
			productType = "com.apple.product-type.bundle.unit-test";
		};
/* End PBXNativeTarget section */

/* Begin PBXProject section */
		135B6E5C1F27690A00D32D5B /* Project object */ = {
			isa = PBXProject;
			attributes = {
				LastSwiftUpdateCheck = 0830;
				LastUpgradeCheck = 0830;
				ORGANIZATIONNAME = "Sergey Libin";
				TargetAttributes = {
					135B6E631F27690A00D32D5B = {
						CreatedOnToolsVersion = 8.3.3;
						DevelopmentTeam = 2JN7S279Q6;
						ProvisioningStyle = Automatic;
					};
					135B6E771F27690B00D32D5B = {
						CreatedOnToolsVersion = 8.3.3;
						ProvisioningStyle = Automatic;
						TestTargetID = 135B6E631F27690A00D32D5B;
					};
				};
			};
			buildConfigurationList = 135B6E5F1F27690A00D32D5B /* Build configuration list for PBXProject "Omlet" */;
			compatibilityVersion = "Xcode 3.2";
			developmentRegion = English;
			hasScannedForEncodings = 0;
			knownRegions = (
				en,
				Base,
			);
			mainGroup = 135B6E5B1F27690A00D32D5B;
			productRefGroup = 135B6E651F27690A00D32D5B /* Products */;
			projectDirPath = "";
			projectRoot = "";
			targets = (
				135B6E631F27690A00D32D5B /* Omlet */,
				135B6E771F27690B00D32D5B /* OmletTests */,
			);
		};
/* End PBXProject section */

/* Begin PBXResourcesBuildPhase section */
		135B6E621F27690A00D32D5B /* Resources */ = {
			isa = PBXResourcesBuildPhase;
			buildActionMask = 2147483647;
			files = (
				135B6E721F27690A00D32D5B /* LaunchScreen.storyboard in Resources */,
				135B6E6F1F27690A00D32D5B /* Assets.xcassets in Resources */,
				135B6E6D1F27690A00D32D5B /* Main.storyboard in Resources */,
			);
			runOnlyForDeploymentPostprocessing = 0;
		};
		135B6E761F27690B00D32D5B /* Resources */ = {
			isa = PBXResourcesBuildPhase;
			buildActionMask = 2147483647;
			files = (
			);
			runOnlyForDeploymentPostprocessing = 0;
		};
/* End PBXResourcesBuildPhase section */

/* Begin PBXShellScriptBuildPhase section */
		69772EB520212FEB129F60C7 /* [CP] Embed Pods Frameworks */ = {
			isa = PBXShellScriptBuildPhase;
			buildActionMask = 2147483647;
			files = (
			);
			inputPaths = (
			);
			name = "[CP] Embed Pods Frameworks";
			outputPaths = (
			);
			runOnlyForDeploymentPostprocessing = 0;
			shellPath = /bin/sh;
			shellScript = "\"${SRCROOT}/Pods/Target Support Files/Pods-Omlet/Pods-Omlet-frameworks.sh\"\n";
			showEnvVarsInLog = 0;
		};
		750E3087241B45FA314AEDFC /* [CP] Check Pods Manifest.lock */ = {
			isa = PBXShellScriptBuildPhase;
			buildActionMask = 2147483647;
			files = (
			);
			inputPaths = (
			);
			name = "[CP] Check Pods Manifest.lock";
			outputPaths = (
			);
			runOnlyForDeploymentPostprocessing = 0;
			shellPath = /bin/sh;
			shellScript = "diff \"${PODS_PODFILE_DIR_PATH}/Podfile.lock\" \"${PODS_ROOT}/Manifest.lock\" > /dev/null\nif [ $? != 0 ] ; then\n    # print error to STDERR\n    echo \"error: The sandbox is not in sync with the Podfile.lock. Run 'pod install' or update your CocoaPods installation.\" >&2\n    exit 1\nfi\n";
			showEnvVarsInLog = 0;
		};
		EC302E7BBB54E5BDFAD66E51 /* [CP] Copy Pods Resources */ = {
			isa = PBXShellScriptBuildPhase;
			buildActionMask = 2147483647;
			files = (
			);
			inputPaths = (
			);
			name = "[CP] Copy Pods Resources";
			outputPaths = (
			);
			runOnlyForDeploymentPostprocessing = 0;
			shellPath = /bin/sh;
			shellScript = "\"${SRCROOT}/Pods/Target Support Files/Pods-Omlet/Pods-Omlet-resources.sh\"\n";
			showEnvVarsInLog = 0;
		};
/* End PBXShellScriptBuildPhase section */

/* Begin PBXSourcesBuildPhase section */
		135B6E601F27690A00D32D5B /* Sources */ = {
			isa = PBXSourcesBuildPhase;
			buildActionMask = 2147483647;
			files = (
				132715C61F2A8AE20099AA75 /* Reachability.swift in Sources */,
				135B6E881F2769E100D32D5B /* TableViewCell.swift in Sources */,
				1374FE741F29F4390076FA9D /* WebController.swift in Sources */,
				135B6E681F27690A00D32D5B /* AppDelegate.swift in Sources */,
				132715C21F2A421C0099AA75 /* MealRealm.swift in Sources */,
				135B6E8A1F276BC700D32D5B /* TableViewController.swift in Sources */,
			);
			runOnlyForDeploymentPostprocessing = 0;
		};
		135B6E741F27690B00D32D5B /* Sources */ = {
			isa = PBXSourcesBuildPhase;
			buildActionMask = 2147483647;
			files = (
				135B6E7D1F27690B00D32D5B /* OmletTests.swift in Sources */,
			);
			runOnlyForDeploymentPostprocessing = 0;
		};
/* End PBXSourcesBuildPhase section */

/* Begin PBXTargetDependency section */
		135B6E7A1F27690B00D32D5B /* PBXTargetDependency */ = {
			isa = PBXTargetDependency;
			target = 135B6E631F27690A00D32D5B /* Omlet */;
			targetProxy = 135B6E791F27690B00D32D5B /* PBXContainerItemProxy */;
		};
/* End PBXTargetDependency section */

/* Begin PBXVariantGroup section */
		135B6E6B1F27690A00D32D5B /* Main.storyboard */ = {
			isa = PBXVariantGroup;
			children = (
				135B6E6C1F27690A00D32D5B /* Base */,
			);
			name = Main.storyboard;
			sourceTree = "<group>";
		};
		135B6E701F27690A00D32D5B /* LaunchScreen.storyboard */ = {
			isa = PBXVariantGroup;
			children = (
				135B6E711F27690A00D32D5B /* Base */,
			);
			name = LaunchScreen.storyboard;
			sourceTree = "<group>";
		};
/* End PBXVariantGroup section */

/* Begin XCBuildConfiguration section */
		135B6E7F1F27690B00D32D5B /* Debug */ = {
			isa = XCBuildConfiguration;
			buildSettings = {
				ALWAYS_SEARCH_USER_PATHS = NO;
				CLANG_ANALYZER_NONNULL = YES;
				CLANG_ANALYZER_NUMBER_OBJECT_CONVERSION = YES_AGGRESSIVE;
				CLANG_CXX_LANGUAGE_STANDARD = "gnu++0x";
				CLANG_CXX_LIBRARY = "libc++";
				CLANG_ENABLE_MODULES = YES;
				CLANG_ENABLE_OBJC_ARC = YES;
				CLANG_WARN_BOOL_CONVERSION = YES;
				CLANG_WARN_CONSTANT_CONVERSION = YES;
				CLANG_WARN_DIRECT_OBJC_ISA_USAGE = YES_ERROR;
				CLANG_WARN_DOCUMENTATION_COMMENTS = YES;
				CLANG_WARN_EMPTY_BODY = YES;
				CLANG_WARN_ENUM_CONVERSION = YES;
				CLANG_WARN_INFINITE_RECURSION = YES;
				CLANG_WARN_INT_CONVERSION = YES;
				CLANG_WARN_OBJC_ROOT_CLASS = YES_ERROR;
				CLANG_WARN_SUSPICIOUS_MOVE = YES;
				CLANG_WARN_UNREACHABLE_CODE = YES;
				CLANG_WARN__DUPLICATE_METHOD_MATCH = YES;
				"CODE_SIGN_IDENTITY[sdk=iphoneos*]" = "iPhone Developer";
				COPY_PHASE_STRIP = NO;
				DEBUG_INFORMATION_FORMAT = dwarf;
				ENABLE_STRICT_OBJC_MSGSEND = YES;
				ENABLE_TESTABILITY = YES;
				GCC_C_LANGUAGE_STANDARD = gnu99;
				GCC_DYNAMIC_NO_PIC = NO;
				GCC_NO_COMMON_BLOCKS = YES;
				GCC_OPTIMIZATION_LEVEL = 0;
				GCC_PREPROCESSOR_DEFINITIONS = (
					"DEBUG=1",
					"$(inherited)",
				);
				GCC_WARN_64_TO_32_BIT_CONVERSION = YES;
				GCC_WARN_ABOUT_RETURN_TYPE = YES_ERROR;
				GCC_WARN_UNDECLARED_SELECTOR = YES;
				GCC_WARN_UNINITIALIZED_AUTOS = YES_AGGRESSIVE;
				GCC_WARN_UNUSED_FUNCTION = YES;
				GCC_WARN_UNUSED_VARIABLE = YES;
				IPHONEOS_DEPLOYMENT_TARGET = 10.3;
				MTL_ENABLE_DEBUG_INFO = YES;
				ONLY_ACTIVE_ARCH = YES;
				SDKROOT = iphoneos;
				SWIFT_ACTIVE_COMPILATION_CONDITIONS = DEBUG;
				SWIFT_OPTIMIZATION_LEVEL = "-Onone";
			};
			name = Debug;
		};
		135B6E801F27690B00D32D5B /* Release */ = {
			isa = XCBuildConfiguration;
			buildSettings = {
				ALWAYS_SEARCH_USER_PATHS = NO;
				CLANG_ANALYZER_NONNULL = YES;
				CLANG_ANALYZER_NUMBER_OBJECT_CONVERSION = YES_AGGRESSIVE;
				CLANG_CXX_LANGUAGE_STANDARD = "gnu++0x";
				CLANG_CXX_LIBRARY = "libc++";
				CLANG_ENABLE_MODULES = YES;
				CLANG_ENABLE_OBJC_ARC = YES;
				CLANG_WARN_BOOL_CONVERSION = YES;
				CLANG_WARN_CONSTANT_CONVERSION = YES;
				CLANG_WARN_DIRECT_OBJC_ISA_USAGE = YES_ERROR;
				CLANG_WARN_DOCUMENTATION_COMMENTS = YES;
				CLANG_WARN_EMPTY_BODY = YES;
				CLANG_WARN_ENUM_CONVERSION = YES;
				CLANG_WARN_INFINITE_RECURSION = YES;
				CLANG_WARN_INT_CONVERSION = YES;
				CLANG_WARN_OBJC_ROOT_CLASS = YES_ERROR;
				CLANG_WARN_SUSPICIOUS_MOVE = YES;
				CLANG_WARN_UNREACHABLE_CODE = YES;
				CLANG_WARN__DUPLICATE_METHOD_MATCH = YES;
				"CODE_SIGN_IDENTITY[sdk=iphoneos*]" = "iPhone Developer";
				COPY_PHASE_STRIP = NO;
				DEBUG_INFORMATION_FORMAT = "dwarf-with-dsym";
				ENABLE_NS_ASSERTIONS = NO;
				ENABLE_STRICT_OBJC_MSGSEND = YES;
				GCC_C_LANGUAGE_STANDARD = gnu99;
				GCC_NO_COMMON_BLOCKS = YES;
				GCC_WARN_64_TO_32_BIT_CONVERSION = YES;
				GCC_WARN_ABOUT_RETURN_TYPE = YES_ERROR;
				GCC_WARN_UNDECLARED_SELECTOR = YES;
				GCC_WARN_UNINITIALIZED_AUTOS = YES_AGGRESSIVE;
				GCC_WARN_UNUSED_FUNCTION = YES;
				GCC_WARN_UNUSED_VARIABLE = YES;
				IPHONEOS_DEPLOYMENT_TARGET = 10.3;
				MTL_ENABLE_DEBUG_INFO = NO;
				SDKROOT = iphoneos;
				SWIFT_OPTIMIZATION_LEVEL = "-Owholemodule";
				VALIDATE_PRODUCT = YES;
			};
			name = Release;
		};
		135B6E821F27690B00D32D5B /* Debug */ = {
			isa = XCBuildConfiguration;
			baseConfigurationReference = 72F24093CC235D786FB138FB /* Pods-Omlet.debug.xcconfig */;
			buildSettings = {
				ASSETCATALOG_COMPILER_APPICON_NAME = AppIcon;
				DEVELOPMENT_TEAM = 2JN7S279Q6;
				INFOPLIST_FILE = Omlet/Info.plist;
				LD_RUNPATH_SEARCH_PATHS = "$(inherited) @executable_path/Frameworks";
				PRODUCT_BUNDLE_IDENTIFIER = SL.Omlet;
				PRODUCT_NAME = "$(TARGET_NAME)";
				SWIFT_VERSION = 3.0;
			};
			name = Debug;
		};
		135B6E831F27690B00D32D5B /* Release */ = {
			isa = XCBuildConfiguration;
			baseConfigurationReference = D9F58023F13ACF49E1E74D4C /* Pods-Omlet.release.xcconfig */;
			buildSettings = {
				ASSETCATALOG_COMPILER_APPICON_NAME = AppIcon;
				DEVELOPMENT_TEAM = 2JN7S279Q6;
				INFOPLIST_FILE = Omlet/Info.plist;
				LD_RUNPATH_SEARCH_PATHS = "$(inherited) @executable_path/Frameworks";
				PRODUCT_BUNDLE_IDENTIFIER = SL.Omlet;
				PRODUCT_NAME = "$(TARGET_NAME)";
				SWIFT_VERSION = 3.0;
			};
			name = Release;
		};
		135B6E851F27690B00D32D5B /* Debug */ = {
			isa = XCBuildConfiguration;
			buildSettings = {
				ALWAYS_EMBED_SWIFT_STANDARD_LIBRARIES = YES;
				BUNDLE_LOADER = "$(TEST_HOST)";
				INFOPLIST_FILE = OmletTests/Info.plist;
				LD_RUNPATH_SEARCH_PATHS = "$(inherited) @executable_path/Frameworks @loader_path/Frameworks";
				PRODUCT_BUNDLE_IDENTIFIER = SL.OmletTests;
				PRODUCT_NAME = "$(TARGET_NAME)";
				SWIFT_VERSION = 3.0;
				TEST_HOST = "$(BUILT_PRODUCTS_DIR)/Omlet.app/Omlet";
			};
			name = Debug;
		};
		135B6E861F27690B00D32D5B /* Release */ = {
			isa = XCBuildConfiguration;
			buildSettings = {
				ALWAYS_EMBED_SWIFT_STANDARD_LIBRARIES = YES;
				BUNDLE_LOADER = "$(TEST_HOST)";
				INFOPLIST_FILE = OmletTests/Info.plist;
				LD_RUNPATH_SEARCH_PATHS = "$(inherited) @executable_path/Frameworks @loader_path/Frameworks";
				PRODUCT_BUNDLE_IDENTIFIER = SL.OmletTests;
				PRODUCT_NAME = "$(TARGET_NAME)";
				SWIFT_VERSION = 3.0;
				TEST_HOST = "$(BUILT_PRODUCTS_DIR)/Omlet.app/Omlet";
			};
			name = Release;
		};
/* End XCBuildConfiguration section */

/* Begin XCConfigurationList section */
		135B6E5F1F27690A00D32D5B /* Build configuration list for PBXProject "Omlet" */ = {
			isa = XCConfigurationList;
			buildConfigurations = (
				135B6E7F1F27690B00D32D5B /* Debug */,
				135B6E801F27690B00D32D5B /* Release */,
			);
			defaultConfigurationIsVisible = 0;
			defaultConfigurationName = Release;
		};
		135B6E811F27690B00D32D5B /* Build configuration list for PBXNativeTarget "Omlet" */ = {
			isa = XCConfigurationList;
			buildConfigurations = (
				135B6E821F27690B00D32D5B /* Debug */,
				135B6E831F27690B00D32D5B /* Release */,
			);
			defaultConfigurationIsVisible = 0;
			defaultConfigurationName = Release;
		};
		135B6E841F27690B00D32D5B /* Build configuration list for PBXNativeTarget "OmletTests" */ = {
			isa = XCConfigurationList;
			buildConfigurations = (
				135B6E851F27690B00D32D5B /* Debug */,
				135B6E861F27690B00D32D5B /* Release */,
			);
			defaultConfigurationIsVisible = 0;
			defaultConfigurationName = Release;
		};
/* End XCConfigurationList section */
	};
	rootObject = 135B6E5C1F27690A00D32D5B /* Project object */;
}
